
Microsoft Visual Studio Solution File, Format Version 12.00
# Visual Studio Version 17
VisualStudioVersion = 17.1.32319.34
MinimumVisualStudioVersion = 10.0.40219.1
Project("{FAE04EC0-301F-11D3-BF4B-00C04F79EFBC}") = "Project.BackEnd.API", "Project.BackEnd.API\Project.BackEnd.API.csproj", "{234C789D-55DC-4C8E-BE24-EA37CA059815}"
EndProject
Project("{FAE04EC0-301F-11D3-BF4B-00C04F79EFBC}") = "Project.BackEnd.Model", "Project.BackEnd.Model\Project.BackEnd.Model.csproj", "{7B832358-6C6F-4808-A025-52EC597E307B}"
EndProject
Project("{FAE04EC0-301F-11D3-BF4B-00C04F79EFBC}") = "Project.BackEnd.Service", "Project.BackEnd.Service\Project.BackEnd.Service.csproj", "{059715FE-F5AC-4DF6-8F27-8B57F570F344}"
EndProject
Global
	GlobalSection(SolutionConfigurationPlatforms) = preSolution
		Debug|Any CPU = Debug|Any CPU
		Release|Any CPU = Release|Any CPU
	EndGlobalSection
	GlobalSection(ProjectConfigurationPlatforms) = postSolution
		{234C789D-55DC-4C8E-BE24-EA37CA059815}.Debug|Any CPU.ActiveCfg = Debug|Any CPU
		{234C789D-55DC-4C8E-BE24-EA37CA059815}.Debug|Any CPU.Build.0 = Debug|Any CPU
		{234C789D-55DC-4C8E-BE24-EA37CA059815}.Release|Any CPU.ActiveCfg = Release|Any CPU
		{234C789D-55DC-4C8E-BE24-EA37CA059815}.Release|Any CPU.Build.0 = Release|Any CPU
		{7B832358-6C6F-4808-A025-52EC597E307B}.Debug|Any CPU.ActiveCfg = Debug|Any CPU
		{7B832358-6C6F-4808-A025-52EC597E307B}.Debug|Any CPU.Build.0 = Debug|Any CPU
		{7B832358-6C6F-4808-A025-52EC597E307B}.Release|Any CPU.ActiveCfg = Release|Any CPU
		{7B832358-6C6F-4808-A025-52EC597E307B}.Release|Any CPU.Build.0 = Release|Any CPU
		{059715FE-F5AC-4DF6-8F27-8B57F570F344}.Debug|Any CPU.ActiveCfg = Debug|Any CPU
		{059715FE-F5AC-4DF6-8F27-8B57F570F344}.Debug|Any CPU.Build.0 = Debug|Any CPU
		{059715FE-F5AC-4DF6-8F27-8B57F570F344}.Release|Any CPU.ActiveCfg = Release|Any CPU
		{059715FE-F5AC-4DF6-8F27-8B57F570F344}.Release|Any CPU.Build.0 = Release|Any CPU
	EndGlobalSection
	GlobalSection(SolutionProperties) = preSolution
		HideSolutionNode = FALSE
	EndGlobalSection
	GlobalSection(ExtensibilityGlobals) = postSolution
		SolutionGuid = {FF63A8BC-54AA-4C4F-AC1B-84A6B575044E}
	EndGlobalSection
EndGlobal
